
Microsoft Visual Studio Solution File, Format Version 12.00
# Visual Studio Version 16
VisualStudioVersion = 16.0.31424.327
MinimumVisualStudioVersion = 10.0.40219.1
Project("{FAE04EC0-301F-11D3-BF4B-00C04F79EFBC}") = "soloviewbot", "soloviewbot.csproj", "{92569F5D-8F15-468D-A788-8821EF965103}"
EndProject
Global
	GlobalSection(SolutionConfigurationPlatforms) = preSolution
		Debug|Any CPU = Debug|Any CPU
		Release|Any CPU = Release|Any CPU
	EndGlobalSection
	GlobalSection(ProjectConfigurationPlatforms) = postSolution
		{92569F5D-8F15-468D-A788-8821EF965103}.Debug|Any CPU.ActiveCfg = Debug|Any CPU
		{92569F5D-8F15-468D-A788-8821EF965103}.Debug|Any CPU.Build.0 = Debug|Any CPU
		{92569F5D-8F15-468D-A788-8821EF965103}.Release|Any CPU.ActiveCfg = Release|Any CPU
		{92569F5D-8F15-468D-A788-8821EF965103}.Release|Any CPU.Build.0 = Release|Any CPU
	EndGlobalSection
	GlobalSection(SolutionProperties) = preSolution
		HideSolutionNode = FALSE
	EndGlobalSection
	GlobalSection(ExtensibilityGlobals) = postSolution
		SolutionGuid = {02EB0A4C-41AD-417E-B9BD-7C9B9C26664D}
	EndGlobalSection
EndGlobal
